
Microsoft Visual Studio Solution File, Format Version 12.00
# Visual Studio Version 16
VisualStudioVersion = 16.0.30517.126
MinimumVisualStudioVersion = 10.0.40219.1
Project("{9A19103F-16F7-4668-BE54-9A1E7A4F7556}") = "BigSound", "BigSound.csproj", "{C6F9589E-9B8C-4004-BEF0-75DEE33AD7F0}"
EndProject
Project("{FAE04EC0-301F-11D3-BF4B-00C04F79EFBC}") = "UnitTests", "..\UnitTests\UnitTests.csproj", "{FB77A93F-542E-49D1-998A-3A9564653940}"
EndProject
Global
	GlobalSection(SolutionConfigurationPlatforms) = preSolution
		Debug|Any CPU = Debug|Any CPU
		Release|Any CPU = Release|Any CPU
	EndGlobalSection
	GlobalSection(ProjectConfigurationPlatforms) = postSolution
		{C6F9589E-9B8C-4004-BEF0-75DEE33AD7F0}.Debug|Any CPU.ActiveCfg = Debug|Any CPU
		{C6F9589E-9B8C-4004-BEF0-75DEE33AD7F0}.Debug|Any CPU.Build.0 = Debug|Any CPU
		{C6F9589E-9B8C-4004-BEF0-75DEE33AD7F0}.Release|Any CPU.ActiveCfg = Release|Any CPU
		{C6F9589E-9B8C-4004-BEF0-75DEE33AD7F0}.Release|Any CPU.Build.0 = Release|Any CPU
		{FB77A93F-542E-49D1-998A-3A9564653940}.Debug|Any CPU.ActiveCfg = Debug|Any CPU
		{FB77A93F-542E-49D1-998A-3A9564653940}.Debug|Any CPU.Build.0 = Debug|Any CPU
		{FB77A93F-542E-49D1-998A-3A9564653940}.Release|Any CPU.ActiveCfg = Release|Any CPU
		{FB77A93F-542E-49D1-998A-3A9564653940}.Release|Any CPU.Build.0 = Release|Any CPU
	EndGlobalSection
	GlobalSection(SolutionProperties) = preSolution
		HideSolutionNode = FALSE
	EndGlobalSection
	GlobalSection(ExtensibilityGlobals) = postSolution
		SolutionGuid = {DD24F413-67C1-45DF-9EDC-7CDB3FD64FC1}
	EndGlobalSection
EndGlobal
